<Solution>
  <Folder Name="/Core/">
    <Project Path="ParkingLot1.0.Application/ParkingLot1.0.Application.csproj" />
    <Project Path="ParkingLot1.0.Domain/ParkingLot1.0.Domain.csproj" />
  </Folder>
  <Folder Name="/Infrastructure/">
    <Project Path="ParkingLot1.0.Persistence/ParkingLot1.0.Persistence.csproj" />
  </Folder>
  <Folder Name="/Presenters/">
    <Project Path="ParkingLot1.0.Web/ParkingLot1.0.Web.csproj" />
  </Folder>
  <Folder Name="/Test/" />
</Solution>
